{
  "nodes": {
    "flake-utils": {
      "locked": {
        "lastModified": 1659877975,
        "narHash": "sha256-zllb8aq3YO3h8B/U0/J1WBgAL8EX5yWf5pMj3G0NAmc=",
        "owner": "numtide",
        "repo": "flake-utils",
        "rev": "c0e246b9b83f637f4681389ecabcb2681b4f3af0",
        "type": "github"
      },
      "original": {
        "owner": "numtide",
        "repo": "flake-utils",
        "type": "github"
      }
    },
    "naersk": {
      "inputs": {
        "nixpkgs": [
          "nixpkgs"
        ]
      },
      "locked": {
        "lastModified": 1659610603,
        "narHash": "sha256-LYgASYSPYo7O71WfeUOaEUzYfzuXm8c8eavJcel+pfI=",
        "owner": "nmattia",
        "repo": "naersk",
        "rev": "c6a45e4277fa58abd524681466d3450f896dc094",
        "type": "github"
      },
      "original": {
        "owner": "nmattia",
        "repo": "naersk",
        "type": "github"
      }
    },
    "nix-filter": {
      "locked": {
        "lastModified": 1645371475,
        "narHash": "sha256-z2n0y5ME7yQTqzzGWnQTVd1MG5Bp1E+of7ZgA861/9E=",
        "owner": "numtide",
        "repo": "nix-filter",
        "rev": "38bc843f1ce76958a9f6f0a1e4e3455221c8ecf6",
        "type": "github"
      },
      "original": {
        "owner": "numtide",
        "repo": "nix-filter",
        "type": "github"
      }
    },
    "nixpkgs": {
      "locked": {
        "lastModified": 1660639432,
        "narHash": "sha256-2WDiboOCfB0LhvnDVMXOAr8ZLDfm3WdO54CkoDPwN1A=",
        "owner": "nixos",
        "repo": "nixpkgs",
        "rev": "6c6409e965a6c883677be7b9d87a95fab6c3472e",
        "type": "github"
      },
      "original": {
        "owner": "nixos",
        "ref": "nixpkgs-unstable",
        "repo": "nixpkgs",
        "type": "github"
      }
    },
    "root": {
      "inputs": {
        "flake-utils": "flake-utils",
        "naersk": "naersk",
        "nix-filter": "nix-filter",
        "nixpkgs": "nixpkgs",
        "rust-overlay": "rust-overlay"
      }
    },
    "rust-overlay": {
      "inputs": {
        "flake-utils": [
          "flake-utils"
        ],
        "nixpkgs": [
          "nixpkgs"
        ]
      },
      "locked": {
        "lastModified": 1660791450,
        "narHash": "sha256-I3q06x8HkjavfzvQm2nlGjYwclKfYRYjo3x9jqKBSgA=",
        "owner": "oxalica",
        "repo": "rust-overlay",
        "rev": "98db932adeee26ea311ba4bbbdf4e0e5c3569fc4",
        "type": "github"
      },
      "original": {
        "owner": "oxalica",
        "repo": "rust-overlay",
        "type": "github"
      }
    }
  },
  "root": "root",
  "version": 7
}
