# THIS IS AN AUTOGENERATED FILE. DO NOT EDIT THIS FILE DIRECTLY.
# yarn lockfile v1


makam@^0.7.36:
  version "0.7.37"
  resolved "https://registry.yarnpkg.com/makam/-/makam-0.7.37.tgz#201f773a888fe2a1d64c37ae23241dd708ccc00b"
  integrity sha512-6DGx7FnmgAf+dYXrptwmgC6WDR0+emgM1jMscY/3yitXP3IYq0BvFE2UKq66P16nkHcQHmENK6xTt8M3Z+rdBw==
