# THIS IS AN AUTOGENERATED FILE. DO NOT EDIT THIS FILE DIRECTLY.
# yarn lockfile v1


makam@^0.7.35:
  version "0.7.35"
  resolved "https://registry.yarnpkg.com/makam/-/makam-0.7.35.tgz#3d94839564766c881d980133a7998aaf8d39dcba"
  integrity sha512-29dnlc+UvrFre6CPMUg998fomd3SWxzhsV8CkZXCiAibQWqjKYOqGIGH/YWwjOMjJQdS9x7+8J4noyKASMJ4Sg==
