# THIS IS AN AUTOGENERATED FILE. DO NOT EDIT THIS FILE DIRECTLY.
# yarn lockfile v1


makam@^0.7.36:
  version "0.7.36"
  resolved "https://registry.yarnpkg.com/makam/-/makam-0.7.36.tgz#d6aa45b9b8c272fb6edf73dfc793b4bfd748990a"
  integrity sha512-Qrbi2Cx6uGdCHVwOy2F/EQva15zqAYizpDyBKxSgK8FBNOs9j0iqIJRfCyj0j6N/LMzbg0P7kzYQSMz92+JCfQ==
